// !$*UTF8*$!
{
	archiveVersion = 1;
	classes = {
	};
	objectVersion = 50;
	objects = {

/* Begin PBXBuildFile section */
		C745FAFF24221D4F009F6405 /* matrix.h in Headers */ = {isa = PBXBuildFile; fileRef = C745FAFD24221D4F009F6405 /* matrix.h */; settings = {ATTRIBUTES = (Public, ); }; };
		C745FB1D24221EDF009F6405 /* Index.swift in Sources */ = {isa = PBXBuildFile; fileRef = C745FB0724221EDF009F6405 /* Index.swift */; };
		C745FB1E24221EDF009F6405 /* Index+Operation.swift in Sources */ = {isa = PBXBuildFile; fileRef = C745FB0924221EDF009F6405 /* Index+Operation.swift */; };
		C745FB1F24221EDF009F6405 /* Index+Equatable.swift in Sources */ = {isa = PBXBuildFile; fileRef = C745FB0A24221EDF009F6405 /* Index+Equatable.swift */; };
		C745FB2024221EDF009F6405 /* Index+Hashable.swift in Sources */ = {isa = PBXBuildFile; fileRef = C745FB0B24221EDF009F6405 /* Index+Hashable.swift */; };
		C745FB2124221EDF009F6405 /* Index+CustomStringConvertible.swift in Sources */ = {isa = PBXBuildFile; fileRef = C745FB0C24221EDF009F6405 /* Index+CustomStringConvertible.swift */; };
		C745FB2324221EDF009F6405 /* Node+Equatable.swift in Sources */ = {isa = PBXBuildFile; fileRef = C745FB1124221EDF009F6405 /* Node+Equatable.swift */; };
		C745FB2424221EDF009F6405 /* Node.swift in Sources */ = {isa = PBXBuildFile; fileRef = C745FB1224221EDF009F6405 /* Node.swift */; };
		C745FB2524221EDF009F6405 /* Matrix+Routable.swift in Sources */ = {isa = PBXBuildFile; fileRef = C745FB1524221EDF009F6405 /* Matrix+Routable.swift */; };
		C745FB2624221EDF009F6405 /* Matrix+Double.swift in Sources */ = {isa = PBXBuildFile; fileRef = C745FB1624221EDF009F6405 /* Matrix+Double.swift */; };
		C745FB2724221EDF009F6405 /* Matrix+CustomStringConvertible.swift in Sources */ = {isa = PBXBuildFile; fileRef = C745FB1724221EDF009F6405 /* Matrix+CustomStringConvertible.swift */; };
		C745FB2824221EDF009F6405 /* Matrix+Float.swift in Sources */ = {isa = PBXBuildFile; fileRef = C745FB1824221EDF009F6405 /* Matrix+Float.swift */; };
		C745FB2924221EDF009F6405 /* Matrix+Equatable.swift in Sources */ = {isa = PBXBuildFile; fileRef = C745FB1924221EDF009F6405 /* Matrix+Equatable.swift */; };
		C745FB2A24221EDF009F6405 /* Matrix.swift in Sources */ = {isa = PBXBuildFile; fileRef = C745FB1A24221EDF009F6405 /* Matrix.swift */; };
		C745FB2B24221EDF009F6405 /* Routable.swift in Sources */ = {isa = PBXBuildFile; fileRef = C745FB1C24221EDF009F6405 /* Routable.swift */; };
		C74C426B24817C3F00C5113E /* matrix.framework in Frameworks */ = {isa = PBXBuildFile; fileRef = C745FAFA24221D4F009F6405 /* matrix.framework */; };
		C74C426C24817C3F00C5113E /* matrix.framework in Embed Frameworks */ = {isa = PBXBuildFile; fileRef = C745FAFA24221D4F009F6405 /* matrix.framework */; settings = {ATTRIBUTES = (CodeSignOnCopy, RemoveHeadersOnCopy, ); }; };
		C74C42712481887E00C5113E /* Datable.swift in Sources */ = {isa = PBXBuildFile; fileRef = C70D83B7246F1103007E97B0 /* Datable.swift */; };
		C74C42722481887E00C5113E /* Storable.swift in Sources */ = {isa = PBXBuildFile; fileRef = C70D83BB246F1D67007E97B0 /* Storable.swift */; };
		C74C42732481887E00C5113E /* Itemable.swift in Sources */ = {isa = PBXBuildFile; fileRef = C768045F245D7B7900861156 /* Itemable.swift */; };
		C74C42752481899A00C5113E /* Item.swift in Sources */ = {isa = PBXBuildFile; fileRef = C74C42742481899A00C5113E /* Item.swift */; };
		C74C427824818A9500C5113E /* Item+CustomStringConvertible.swift in Sources */ = {isa = PBXBuildFile; fileRef = C74C427624818A9500C5113E /* Item+CustomStringConvertible.swift */; };
		C74C427924818A9500C5113E /* Item+Equatable.swift in Sources */ = {isa = PBXBuildFile; fileRef = C74C427724818A9500C5113E /* Item+Equatable.swift */; };
		C74C427B24818C1B00C5113E /* Movable.swift in Sources */ = {isa = PBXBuildFile; fileRef = C74C427A24818C1B00C5113E /* Movable.swift */; };
		C74C4280248194D400C5113E /* CGPoint+Common.swift in Sources */ = {isa = PBXBuildFile; fileRef = C74C427F248194D400C5113E /* CGPoint+Common.swift */; };
		C7680456245D74A600861156 /* Classes.swift in Sources */ = {isa = PBXBuildFile; fileRef = C768DB932423571900F6B4EE /* Classes.swift */; };
		C77AC036249F6B9C0088B846 /* MyScene.sks in Resources */ = {isa = PBXBuildFile; fileRef = C77AC035249F6B9C0088B846 /* MyScene.sks */; };
		C77AC03A249FCE0C0088B846 /* TileSet.sks in Resources */ = {isa = PBXBuildFile; fileRef = C77AC039249FCE0C0088B846 /* TileSet.sks */; };
		C7BE6C9924B8DE1C0005216F /* Array+Common.swift in Sources */ = {isa = PBXBuildFile; fileRef = C7BE6C9824B8DE1C0005216F /* Array+Common.swift */; };
		C7BE6C9E24B8EA580005216F /* Version+CustomStringConvertible.swift in Sources */ = {isa = PBXBuildFile; fileRef = C7BE6C9D24B8EA580005216F /* Version+CustomStringConvertible.swift */; };
		C7BE6CA124B8EABA0005216F /* Version+Comparable.swift in Sources */ = {isa = PBXBuildFile; fileRef = C7BE6CA024B8EABA0005216F /* Version+Comparable.swift */; };
		C7BE6CA424B8EB680005216F /* MatrixError.swift in Sources */ = {isa = PBXBuildFile; fileRef = C7BE6CA224B8EB680005216F /* MatrixError.swift */; };
		C7BE6CA524B8EB680005216F /* Geometry.swift in Sources */ = {isa = PBXBuildFile; fileRef = C7BE6CA324B8EB680005216F /* Geometry.swift */; };
		C7BE6CAB24B8EBD90005216F /* ItemableError.swift in Sources */ = {isa = PBXBuildFile; fileRef = C7BE6CAA24B8EBD90005216F /* ItemableError.swift */; };
		C7BE6CB024B8F1B80005216F /* Version.swift in Sources */ = {isa = PBXBuildFile; fileRef = C7BE6CAF24B8F1B80005216F /* Version.swift */; };
		C7BE6CB224B8F1D50005216F /* MovableDelegate.swift in Sources */ = {isa = PBXBuildFile; fileRef = C7BE6CB124B8F1D40005216F /* MovableDelegate.swift */; };
		C7BE6CB524B914F70005216F /* Item+Hashable.swift in Sources */ = {isa = PBXBuildFile; fileRef = C7BE6CB424B914F70005216F /* Item+Hashable.swift */; };
		C7DF0FEA2422491D006EF23E /* AppDelegate.swift in Sources */ = {isa = PBXBuildFile; fileRef = C7DF0FE92422491D006EF23E /* AppDelegate.swift */; };
		C7DF0FEE2422491D006EF23E /* ViewController.swift in Sources */ = {isa = PBXBuildFile; fileRef = C7DF0FED2422491D006EF23E /* ViewController.swift */; };
		C7DF0FF12422491D006EF23E /* Main.storyboard in Resources */ = {isa = PBXBuildFile; fileRef = C7DF0FEF2422491D006EF23E /* Main.storyboard */; };
		C7DF0FF324224921006EF23E /* Assets.xcassets in Resources */ = {isa = PBXBuildFile; fileRef = C7DF0FF224224921006EF23E /* Assets.xcassets */; };
		C7DF0FF624224921006EF23E /* LaunchScreen.storyboard in Resources */ = {isa = PBXBuildFile; fileRef = C7DF0FF424224921006EF23E /* LaunchScreen.storyboard */; };
/* End PBXBuildFile section */

/* Begin PBXContainerItemProxy section */
		C74C426D24817C3F00C5113E /* PBXContainerItemProxy */ = {
			isa = PBXContainerItemProxy;
			containerPortal = C745FAF124221D4F009F6405 /* Project object */;
			proxyType = 1;
			remoteGlobalIDString = C745FAF924221D4F009F6405;
			remoteInfo = matrix;
		};
/* End PBXContainerItemProxy section */

/* Begin PBXCopyFilesBuildPhase section */
		C74C426F24817C3F00C5113E /* Embed Frameworks */ = {
			isa = PBXCopyFilesBuildPhase;
			buildActionMask = 2147483647;
			dstPath = "";
			dstSubfolderSpec = 10;
			files = (
				C74C426C24817C3F00C5113E /* matrix.framework in Embed Frameworks */,
			);
			name = "Embed Frameworks";
			runOnlyForDeploymentPostprocessing = 0;
		};
/* End PBXCopyFilesBuildPhase section */

/* Begin PBXFileReference section */
		C70D83B7246F1103007E97B0 /* Datable.swift */ = {isa = PBXFileReference; fileEncoding = 4; lastKnownFileType = sourcecode.swift; path = Datable.swift; sourceTree = "<group>"; };
		C70D83BB246F1D67007E97B0 /* Storable.swift */ = {isa = PBXFileReference; fileEncoding = 4; lastKnownFileType = sourcecode.swift; path = Storable.swift; sourceTree = "<group>"; };
		C745FAFA24221D4F009F6405 /* matrix.framework */ = {isa = PBXFileReference; explicitFileType = wrapper.framework; includeInIndex = 0; path = matrix.framework; sourceTree = BUILT_PRODUCTS_DIR; };
		C745FAFD24221D4F009F6405 /* matrix.h */ = {isa = PBXFileReference; lastKnownFileType = sourcecode.c.h; path = matrix.h; sourceTree = "<group>"; };
		C745FAFE24221D4F009F6405 /* Info.plist */ = {isa = PBXFileReference; lastKnownFileType = text.plist.xml; path = Info.plist; sourceTree = "<group>"; };
		C745FB0724221EDF009F6405 /* Index.swift */ = {isa = PBXFileReference; fileEncoding = 4; lastKnownFileType = sourcecode.swift; path = Index.swift; sourceTree = "<group>"; };
		C745FB0924221EDF009F6405 /* Index+Operation.swift */ = {isa = PBXFileReference; fileEncoding = 4; lastKnownFileType = sourcecode.swift; path = "Index+Operation.swift"; sourceTree = "<group>"; };
		C745FB0A24221EDF009F6405 /* Index+Equatable.swift */ = {isa = PBXFileReference; fileEncoding = 4; lastKnownFileType = sourcecode.swift; path = "Index+Equatable.swift"; sourceTree = "<group>"; };
		C745FB0B24221EDF009F6405 /* Index+Hashable.swift */ = {isa = PBXFileReference; fileEncoding = 4; lastKnownFileType = sourcecode.swift; path = "Index+Hashable.swift"; sourceTree = "<group>"; };
		C745FB0C24221EDF009F6405 /* Index+CustomStringConvertible.swift */ = {isa = PBXFileReference; fileEncoding = 4; lastKnownFileType = sourcecode.swift; path = "Index+CustomStringConvertible.swift"; sourceTree = "<group>"; };
		C745FB1124221EDF009F6405 /* Node+Equatable.swift */ = {isa = PBXFileReference; fileEncoding = 4; lastKnownFileType = sourcecode.swift; path = "Node+Equatable.swift"; sourceTree = "<group>"; };
		C745FB1224221EDF009F6405 /* Node.swift */ = {isa = PBXFileReference; fileEncoding = 4; lastKnownFileType = sourcecode.swift; path = Node.swift; sourceTree = "<group>"; };
		C745FB1524221EDF009F6405 /* Matrix+Routable.swift */ = {isa = PBXFileReference; fileEncoding = 4; lastKnownFileType = sourcecode.swift; path = "Matrix+Routable.swift"; sourceTree = "<group>"; };
		C745FB1624221EDF009F6405 /* Matrix+Double.swift */ = {isa = PBXFileReference; fileEncoding = 4; lastKnownFileType = sourcecode.swift; path = "Matrix+Double.swift"; sourceTree = "<group>"; };
		C745FB1724221EDF009F6405 /* Matrix+CustomStringConvertible.swift */ = {isa = PBXFileReference; fileEncoding = 4; lastKnownFileType = sourcecode.swift; path = "Matrix+CustomStringConvertible.swift"; sourceTree = "<group>"; };
		C745FB1824221EDF009F6405 /* Matrix+Float.swift */ = {isa = PBXFileReference; fileEncoding = 4; lastKnownFileType = sourcecode.swift; path = "Matrix+Float.swift"; sourceTree = "<group>"; };
		C745FB1924221EDF009F6405 /* Matrix+Equatable.swift */ = {isa = PBXFileReference; fileEncoding = 4; lastKnownFileType = sourcecode.swift; path = "Matrix+Equatable.swift"; sourceTree = "<group>"; };
		C745FB1A24221EDF009F6405 /* Matrix.swift */ = {isa = PBXFileReference; fileEncoding = 4; lastKnownFileType = sourcecode.swift; path = Matrix.swift; sourceTree = "<group>"; };
		C745FB1C24221EDF009F6405 /* Routable.swift */ = {isa = PBXFileReference; fileEncoding = 4; lastKnownFileType = sourcecode.swift; path = Routable.swift; sourceTree = "<group>"; };
		C74C42742481899A00C5113E /* Item.swift */ = {isa = PBXFileReference; fileEncoding = 4; lastKnownFileType = sourcecode.swift; path = Item.swift; sourceTree = "<group>"; };
		C74C427624818A9500C5113E /* Item+CustomStringConvertible.swift */ = {isa = PBXFileReference; fileEncoding = 4; lastKnownFileType = sourcecode.swift; path = "Item+CustomStringConvertible.swift"; sourceTree = "<group>"; };
		C74C427724818A9500C5113E /* Item+Equatable.swift */ = {isa = PBXFileReference; fileEncoding = 4; lastKnownFileType = sourcecode.swift; path = "Item+Equatable.swift"; sourceTree = "<group>"; };
		C74C427A24818C1B00C5113E /* Movable.swift */ = {isa = PBXFileReference; lastKnownFileType = sourcecode.swift; path = Movable.swift; sourceTree = "<group>"; };
		C74C427F248194D400C5113E /* CGPoint+Common.swift */ = {isa = PBXFileReference; lastKnownFileType = sourcecode.swift; path = "CGPoint+Common.swift"; sourceTree = "<group>"; };
		C768045F245D7B7900861156 /* Itemable.swift */ = {isa = PBXFileReference; lastKnownFileType = sourcecode.swift; path = Itemable.swift; sourceTree = "<group>"; };
		C768DB932423571900F6B4EE /* Classes.swift */ = {isa = PBXFileReference; lastKnownFileType = sourcecode.swift; path = Classes.swift; sourceTree = "<group>"; };
		C77AC035249F6B9C0088B846 /* MyScene.sks */ = {isa = PBXFileReference; lastKnownFileType = file.sks; path = MyScene.sks; sourceTree = "<group>"; };
		C77AC039249FCE0C0088B846 /* TileSet.sks */ = {isa = PBXFileReference; lastKnownFileType = file.sks; path = TileSet.sks; sourceTree = "<group>"; };
		C7BE6C9824B8DE1C0005216F /* Array+Common.swift */ = {isa = PBXFileReference; lastKnownFileType = sourcecode.swift; path = "Array+Common.swift"; sourceTree = "<group>"; };
		C7BE6C9D24B8EA580005216F /* Version+CustomStringConvertible.swift */ = {isa = PBXFileReference; lastKnownFileType = sourcecode.swift; name = "Version+CustomStringConvertible.swift"; path = "../Version+CustomStringConvertible.swift"; sourceTree = "<group>"; };
		C7BE6CA024B8EABA0005216F /* Version+Comparable.swift */ = {isa = PBXFileReference; lastKnownFileType = sourcecode.swift; path = "Version+Comparable.swift"; sourceTree = "<group>"; };
		C7BE6CA224B8EB680005216F /* MatrixError.swift */ = {isa = PBXFileReference; fileEncoding = 4; lastKnownFileType = sourcecode.swift; name = MatrixError.swift; path = ../MatrixError.swift; sourceTree = "<group>"; };
		C7BE6CA324B8EB680005216F /* Geometry.swift */ = {isa = PBXFileReference; fileEncoding = 4; lastKnownFileType = sourcecode.swift; name = Geometry.swift; path = ../Geometry.swift; sourceTree = "<group>"; };
		C7BE6CAA24B8EBD90005216F /* ItemableError.swift */ = {isa = PBXFileReference; fileEncoding = 4; lastKnownFileType = sourcecode.swift; name = ItemableError.swift; path = ../ItemableError.swift; sourceTree = "<group>"; };
		C7BE6CAF24B8F1B80005216F /* Version.swift */ = {isa = PBXFileReference; fileEncoding = 4; lastKnownFileType = sourcecode.swift; path = Version.swift; sourceTree = "<group>"; };
		C7BE6CB124B8F1D40005216F /* MovableDelegate.swift */ = {isa = PBXFileReference; fileEncoding = 4; lastKnownFileType = sourcecode.swift; name = MovableDelegate.swift; path = ../MovableDelegate.swift; sourceTree = "<group>"; };
		C7BE6CB424B914F70005216F /* Item+Hashable.swift */ = {isa = PBXFileReference; lastKnownFileType = sourcecode.swift; path = "Item+Hashable.swift"; sourceTree = "<group>"; };
		C7DF0FE72422491D006EF23E /* test.app */ = {isa = PBXFileReference; explicitFileType = wrapper.application; includeInIndex = 0; path = test.app; sourceTree = BUILT_PRODUCTS_DIR; };
		C7DF0FE92422491D006EF23E /* AppDelegate.swift */ = {isa = PBXFileReference; lastKnownFileType = sourcecode.swift; path = AppDelegate.swift; sourceTree = "<group>"; };
		C7DF0FED2422491D006EF23E /* ViewController.swift */ = {isa = PBXFileReference; lastKnownFileType = sourcecode.swift; path = ViewController.swift; sourceTree = "<group>"; };
		C7DF0FF02422491D006EF23E /* Base */ = {isa = PBXFileReference; lastKnownFileType = file.storyboard; name = Base; path = Base.lproj/Main.storyboard; sourceTree = "<group>"; };
		C7DF0FF224224921006EF23E /* Assets.xcassets */ = {isa = PBXFileReference; lastKnownFileType = folder.assetcatalog; path = Assets.xcassets; sourceTree = "<group>"; };
		C7DF0FF524224921006EF23E /* Base */ = {isa = PBXFileReference; lastKnownFileType = file.storyboard; name = Base; path = Base.lproj/LaunchScreen.storyboard; sourceTree = "<group>"; };
		C7DF0FF724224921006EF23E /* Info.plist */ = {isa = PBXFileReference; lastKnownFileType = text.plist.xml; path = Info.plist; sourceTree = "<group>"; };
/* End PBXFileReference section */

/* Begin PBXFrameworksBuildPhase section */
		C745FAF724221D4F009F6405 /* Frameworks */ = {
			isa = PBXFrameworksBuildPhase;
			buildActionMask = 2147483647;
			files = (
			);
			runOnlyForDeploymentPostprocessing = 0;
		};
		C7DF0FE42422491D006EF23E /* Frameworks */ = {
			isa = PBXFrameworksBuildPhase;
			buildActionMask = 2147483647;
			files = (
				C74C426B24817C3F00C5113E /* matrix.framework in Frameworks */,
			);
			runOnlyForDeploymentPostprocessing = 0;
		};
/* End PBXFrameworksBuildPhase section */

/* Begin PBXGroup section */
		C745FAF024221D4F009F6405 = {
			isa = PBXGroup;
			children = (
				C745FAFC24221D4F009F6405 /* matrix */,
				C7DF0FE82422491D006EF23E /* test */,
				C745FAFB24221D4F009F6405 /* Products */,
				C74C426A24817C3F00C5113E /* Frameworks */,
			);
			sourceTree = "<group>";
		};
		C745FAFB24221D4F009F6405 /* Products */ = {
			isa = PBXGroup;
			children = (
				C745FAFA24221D4F009F6405 /* matrix.framework */,
				C7DF0FE72422491D006EF23E /* test.app */,
			);
			name = Products;
			sourceTree = "<group>";
		};
		C745FAFC24221D4F009F6405 /* matrix */ = {
			isa = PBXGroup;
			children = (
				C745FAFD24221D4F009F6405 /* matrix.h */,
				C745FAFE24221D4F009F6405 /* Info.plist */,
				C745FB0524221EDF009F6405 /* Source */,
			);
			path = matrix;
			sourceTree = "<group>";
		};
		C745FB0524221EDF009F6405 /* Source */ = {
			isa = PBXGroup;
			children = (
				C74C4281248194FF00C5113E /* Common */,
				C745FB0624221EDF009F6405 /* Index */,
				C768045B245D7A8400861156 /* Item */,
				C745FB1324221EDF009F6405 /* Matrix */,
				C745FB0F24221EDF009F6405 /* Node */,
				C745FB1B24221EDF009F6405 /* Protocols */,
				C7BE6C9C24B8E9B50005216F /* Version */,
			);
			path = Source;
			sourceTree = "<group>";
		};
		C745FB0624221EDF009F6405 /* Index */ = {
			isa = PBXGroup;
			children = (
				C745FB0724221EDF009F6405 /* Index.swift */,
				C745FB0824221EDF009F6405 /* Extensions */,
			);
			path = Index;
			sourceTree = "<group>";
		};
		C745FB0824221EDF009F6405 /* Extensions */ = {
			isa = PBXGroup;
			children = (
				C745FB0C24221EDF009F6405 /* Index+CustomStringConvertible.swift */,
				C745FB0A24221EDF009F6405 /* Index+Equatable.swift */,
				C745FB0B24221EDF009F6405 /* Index+Hashable.swift */,
				C745FB0924221EDF009F6405 /* Index+Operation.swift */,
			);
			path = Extensions;
			sourceTree = "<group>";
		};
		C745FB0F24221EDF009F6405 /* Node */ = {
			isa = PBXGroup;
			children = (
				C745FB1224221EDF009F6405 /* Node.swift */,
				C745FB1024221EDF009F6405 /* Extensions */,
			);
			path = Node;
			sourceTree = "<group>";
		};
		C745FB1024221EDF009F6405 /* Extensions */ = {
			isa = PBXGroup;
			children = (
				C745FB1124221EDF009F6405 /* Node+Equatable.swift */,
			);
			path = Extensions;
			sourceTree = "<group>";
		};
		C745FB1324221EDF009F6405 /* Matrix */ = {
			isa = PBXGroup;
			children = (
				C745FB1A24221EDF009F6405 /* Matrix.swift */,
				C7BE6CA624B8EB6E0005216F /* Enums */,
				C745FB1424221EDF009F6405 /* Extensions */,
			);
			path = Matrix;
			sourceTree = "<group>";
		};
		C745FB1424221EDF009F6405 /* Extensions */ = {
			isa = PBXGroup;
			children = (
				C745FB1724221EDF009F6405 /* Matrix+CustomStringConvertible.swift */,
				C745FB1624221EDF009F6405 /* Matrix+Double.swift */,
				C745FB1924221EDF009F6405 /* Matrix+Equatable.swift */,
				C745FB1824221EDF009F6405 /* Matrix+Float.swift */,
				C745FB1524221EDF009F6405 /* Matrix+Routable.swift */,
			);
			path = Extensions;
			sourceTree = "<group>";
		};
		C745FB1B24221EDF009F6405 /* Protocols */ = {
			isa = PBXGroup;
			children = (
				C70D83B7246F1103007E97B0 /* Datable.swift */,
				C768045F245D7B7900861156 /* Itemable.swift */,
				C74C427A24818C1B00C5113E /* Movable.swift */,
				C745FB1C24221EDF009F6405 /* Routable.swift */,
				C70D83BB246F1D67007E97B0 /* Storable.swift */,
				C7BE6CB324B8F1D90005216F /* Delegates */,
				C7BE6CAC24B8EBDE0005216F /* Enums */,
			);
			path = Protocols;
			sourceTree = "<group>";
		};
		C74C426A24817C3F00C5113E /* Frameworks */ = {
			isa = PBXGroup;
			children = (
			);
			name = Frameworks;
			sourceTree = "<group>";
		};
		C74C4281248194FF00C5113E /* Common */ = {
			isa = PBXGroup;
			children = (
				C74C42822481950600C5113E /* Extensions */,
			);
			path = Common;
			sourceTree = "<group>";
		};
		C74C42822481950600C5113E /* Extensions */ = {
			isa = PBXGroup;
			children = (
				C7BE6C9824B8DE1C0005216F /* Array+Common.swift */,
				C74C427F248194D400C5113E /* CGPoint+Common.swift */,
			);
			path = Extensions;
			sourceTree = "<group>";
		};
		C768045B245D7A8400861156 /* Item */ = {
			isa = PBXGroup;
			children = (
				C74C42742481899A00C5113E /* Item.swift */,
				C7680463245D7BEB00861156 /* Extensions */,
			);
			path = Item;
			sourceTree = "<group>";
		};
		C7680463245D7BEB00861156 /* Extensions */ = {
			isa = PBXGroup;
			children = (
				C74C427624818A9500C5113E /* Item+CustomStringConvertible.swift */,
				C74C427724818A9500C5113E /* Item+Equatable.swift */,
				C7BE6CB424B914F70005216F /* Item+Hashable.swift */,
			);
			path = Extensions;
			sourceTree = "<group>";
		};
		C7BE6C9C24B8E9B50005216F /* Version */ = {
			isa = PBXGroup;
			children = (
				C7BE6CAF24B8F1B80005216F /* Version.swift */,
				C7BE6C9F24B8EA5D0005216F /* Extensions */,
			);
			path = Version;
			sourceTree = "<group>";
		};
		C7BE6C9F24B8EA5D0005216F /* Extensions */ = {
			isa = PBXGroup;
			children = (
				C7BE6CA024B8EABA0005216F /* Version+Comparable.swift */,
				C7BE6C9D24B8EA580005216F /* Version+CustomStringConvertible.swift */,
			);
			path = Extensions;
			sourceTree = "<group>";
		};
		C7BE6CA624B8EB6E0005216F /* Enums */ = {
			isa = PBXGroup;
			children = (
				C7BE6CA324B8EB680005216F /* Geometry.swift */,
				C7BE6CA224B8EB680005216F /* MatrixError.swift */,
			);
			path = Enums;
			sourceTree = "<group>";
		};
		C7BE6CAC24B8EBDE0005216F /* Enums */ = {
			isa = PBXGroup;
			children = (
				C7BE6CAA24B8EBD90005216F /* ItemableError.swift */,
			);
			path = Enums;
			sourceTree = "<group>";
		};
		C7BE6CB324B8F1D90005216F /* Delegates */ = {
			isa = PBXGroup;
			children = (
				C7BE6CB124B8F1D40005216F /* MovableDelegate.swift */,
			);
			path = Delegates;
			sourceTree = "<group>";
		};
		C7DF0FE82422491D006EF23E /* test */ = {
			isa = PBXGroup;
			children = (
				C7DF0FE92422491D006EF23E /* AppDelegate.swift */,
				C7DF0FF224224921006EF23E /* Assets.xcassets */,
				C768DB932423571900F6B4EE /* Classes.swift */,
				C7DF0FF724224921006EF23E /* Info.plist */,
				C7DF0FF424224921006EF23E /* LaunchScreen.storyboard */,
				C7DF0FEF2422491D006EF23E /* Main.storyboard */,
				C7DF0FED2422491D006EF23E /* ViewController.swift */,
				C77AC035249F6B9C0088B846 /* MyScene.sks */,
				C77AC039249FCE0C0088B846 /* TileSet.sks */,
			);
			path = test;
			sourceTree = "<group>";
		};
/* End PBXGroup section */

/* Begin PBXHeadersBuildPhase section */
		C745FAF524221D4F009F6405 /* Headers */ = {
			isa = PBXHeadersBuildPhase;
			buildActionMask = 2147483647;
			files = (
				C745FAFF24221D4F009F6405 /* matrix.h in Headers */,
			);
			runOnlyForDeploymentPostprocessing = 0;
		};
/* End PBXHeadersBuildPhase section */

/* Begin PBXNativeTarget section */
		C745FAF924221D4F009F6405 /* matrix */ = {
			isa = PBXNativeTarget;
			buildConfigurationList = C745FB0224221D4F009F6405 /* Build configuration list for PBXNativeTarget "matrix" */;
			buildPhases = (
				C745FAF524221D4F009F6405 /* Headers */,
				C745FAF624221D4F009F6405 /* Sources */,
				C745FAF724221D4F009F6405 /* Frameworks */,
				C745FAF824221D4F009F6405 /* Resources */,
			);
			buildRules = (
			);
			dependencies = (
			);
			name = matrix;
			productName = matrix;
			productReference = C745FAFA24221D4F009F6405 /* matrix.framework */;
			productType = "com.apple.product-type.framework";
		};
		C7DF0FE62422491D006EF23E /* test */ = {
			isa = PBXNativeTarget;
			buildConfigurationList = C7DF0FF824224921006EF23E /* Build configuration list for PBXNativeTarget "test" */;
			buildPhases = (
				C7DF0FE32422491D006EF23E /* Sources */,
				C7DF0FE42422491D006EF23E /* Frameworks */,
				C7DF0FE52422491D006EF23E /* Resources */,
				C74C426F24817C3F00C5113E /* Embed Frameworks */,
			);
			buildRules = (
			);
			dependencies = (
				C74C426E24817C3F00C5113E /* PBXTargetDependency */,
			);
			name = test;
			productName = test;
			productReference = C7DF0FE72422491D006EF23E /* test.app */;
			productType = "com.apple.product-type.application";
		};
/* End PBXNativeTarget section */

/* Begin PBXProject section */
		C745FAF124221D4F009F6405 /* Project object */ = {
			isa = PBXProject;
			attributes = {
				LastSwiftUpdateCheck = 1130;
				LastUpgradeCheck = 1130;
				ORGANIZATIONNAME = "Vladimir Psyukalov";
				TargetAttributes = {
					C745FAF924221D4F009F6405 = {
						CreatedOnToolsVersion = 11.3.1;
					};
					C7DF0FE62422491D006EF23E = {
						CreatedOnToolsVersion = 11.3.1;
					};
				};
			};
			buildConfigurationList = C745FAF424221D4F009F6405 /* Build configuration list for PBXProject "matrix" */;
			compatibilityVersion = "Xcode 9.3";
			developmentRegion = en;
			hasScannedForEncodings = 0;
			knownRegions = (
				en,
				Base,
			);
			mainGroup = C745FAF024221D4F009F6405;
			productRefGroup = C745FAFB24221D4F009F6405 /* Products */;
			projectDirPath = "";
			projectRoot = "";
			targets = (
				C745FAF924221D4F009F6405 /* matrix */,
				C7DF0FE62422491D006EF23E /* test */,
			);
		};
/* End PBXProject section */

/* Begin PBXResourcesBuildPhase section */
		C745FAF824221D4F009F6405 /* Resources */ = {
			isa = PBXResourcesBuildPhase;
			buildActionMask = 2147483647;
			files = (
			);
			runOnlyForDeploymentPostprocessing = 0;
		};
		C7DF0FE52422491D006EF23E /* Resources */ = {
			isa = PBXResourcesBuildPhase;
			buildActionMask = 2147483647;
			files = (
				C77AC03A249FCE0C0088B846 /* TileSet.sks in Resources */,
				C7DF0FF624224921006EF23E /* LaunchScreen.storyboard in Resources */,
				C77AC036249F6B9C0088B846 /* MyScene.sks in Resources */,
				C7DF0FF324224921006EF23E /* Assets.xcassets in Resources */,
				C7DF0FF12422491D006EF23E /* Main.storyboard in Resources */,
			);
			runOnlyForDeploymentPostprocessing = 0;
		};
/* End PBXResourcesBuildPhase section */

/* Begin PBXSourcesBuildPhase section */
		C745FAF624221D4F009F6405 /* Sources */ = {
			isa = PBXSourcesBuildPhase;
			buildActionMask = 2147483647;
			files = (
				C745FB1D24221EDF009F6405 /* Index.swift in Sources */,
				C7BE6CB524B914F70005216F /* Item+Hashable.swift in Sources */,
				C745FB2124221EDF009F6405 /* Index+CustomStringConvertible.swift in Sources */,
				C74C42722481887E00C5113E /* Storable.swift in Sources */,
				C74C42752481899A00C5113E /* Item.swift in Sources */,
				C7BE6CA524B8EB680005216F /* Geometry.swift in Sources */,
				C745FB1F24221EDF009F6405 /* Index+Equatable.swift in Sources */,
				C74C427B24818C1B00C5113E /* Movable.swift in Sources */,
				C745FB2024221EDF009F6405 /* Index+Hashable.swift in Sources */,
				C7BE6CA124B8EABA0005216F /* Version+Comparable.swift in Sources */,
				C745FB1E24221EDF009F6405 /* Index+Operation.swift in Sources */,
				C74C427824818A9500C5113E /* Item+CustomStringConvertible.swift in Sources */,
				C745FB2A24221EDF009F6405 /* Matrix.swift in Sources */,
				C74C4280248194D400C5113E /* CGPoint+Common.swift in Sources */,
				C745FB2724221EDF009F6405 /* Matrix+CustomStringConvertible.swift in Sources */,
				C74C427924818A9500C5113E /* Item+Equatable.swift in Sources */,
				C74C42712481887E00C5113E /* Datable.swift in Sources */,
				C7BE6CB024B8F1B80005216F /* Version.swift in Sources */,
				C7BE6CB224B8F1D50005216F /* MovableDelegate.swift in Sources */,
				C745FB2624221EDF009F6405 /* Matrix+Double.swift in Sources */,
				C74C42732481887E00C5113E /* Itemable.swift in Sources */,
				C7BE6CAB24B8EBD90005216F /* ItemableError.swift in Sources */,
				C745FB2924221EDF009F6405 /* Matrix+Equatable.swift in Sources */,
				C7BE6CA424B8EB680005216F /* MatrixError.swift in Sources */,
				C745FB2824221EDF009F6405 /* Matrix+Float.swift in Sources */,
				C745FB2524221EDF009F6405 /* Matrix+Routable.swift in Sources */,
				C7BE6C9924B8DE1C0005216F /* Array+Common.swift in Sources */,
				C745FB2424221EDF009F6405 /* Node.swift in Sources */,
				C745FB2324221EDF009F6405 /* Node+Equatable.swift in Sources */,
				C7BE6C9E24B8EA580005216F /* Version+CustomStringConvertible.swift in Sources */,
				C745FB2B24221EDF009F6405 /* Routable.swift in Sources */,
			);
			runOnlyForDeploymentPostprocessing = 0;
		};
		C7DF0FE32422491D006EF23E /* Sources */ = {
			isa = PBXSourcesBuildPhase;
			buildActionMask = 2147483647;
			files = (
				C7DF0FEE2422491D006EF23E /* ViewController.swift in Sources */,
				C7DF0FEA2422491D006EF23E /* AppDelegate.swift in Sources */,
				C7680456245D74A600861156 /* Classes.swift in Sources */,
			);
			runOnlyForDeploymentPostprocessing = 0;
		};
/* End PBXSourcesBuildPhase section */

/* Begin PBXTargetDependency section */
		C74C426E24817C3F00C5113E /* PBXTargetDependency */ = {
			isa = PBXTargetDependency;
			target = C745FAF924221D4F009F6405 /* matrix */;
			targetProxy = C74C426D24817C3F00C5113E /* PBXContainerItemProxy */;
		};
/* End PBXTargetDependency section */

/* Begin PBXVariantGroup section */
		C7DF0FEF2422491D006EF23E /* Main.storyboard */ = {
			isa = PBXVariantGroup;
			children = (
				C7DF0FF02422491D006EF23E /* Base */,
			);
			name = Main.storyboard;
			sourceTree = "<group>";
		};
		C7DF0FF424224921006EF23E /* LaunchScreen.storyboard */ = {
			isa = PBXVariantGroup;
			children = (
				C7DF0FF524224921006EF23E /* Base */,
			);
			name = LaunchScreen.storyboard;
			sourceTree = "<group>";
		};
/* End PBXVariantGroup section */

/* Begin XCBuildConfiguration section */
		C745FB0024221D4F009F6405 /* Debug */ = {
			isa = XCBuildConfiguration;
			buildSettings = {
				ALWAYS_SEARCH_USER_PATHS = NO;
				CLANG_ANALYZER_NONNULL = YES;
				CLANG_ANALYZER_NUMBER_OBJECT_CONVERSION = YES_AGGRESSIVE;
				CLANG_CXX_LANGUAGE_STANDARD = "gnu++14";
				CLANG_CXX_LIBRARY = "libc++";
				CLANG_ENABLE_MODULES = YES;
				CLANG_ENABLE_OBJC_ARC = YES;
				CLANG_ENABLE_OBJC_WEAK = YES;
				CLANG_WARN_BLOCK_CAPTURE_AUTORELEASING = YES;
				CLANG_WARN_BOOL_CONVERSION = YES;
				CLANG_WARN_COMMA = YES;
				CLANG_WARN_CONSTANT_CONVERSION = YES;
				CLANG_WARN_DEPRECATED_OBJC_IMPLEMENTATIONS = YES;
				CLANG_WARN_DIRECT_OBJC_ISA_USAGE = YES_ERROR;
				CLANG_WARN_DOCUMENTATION_COMMENTS = YES;
				CLANG_WARN_EMPTY_BODY = YES;
				CLANG_WARN_ENUM_CONVERSION = YES;
				CLANG_WARN_INFINITE_RECURSION = YES;
				CLANG_WARN_INT_CONVERSION = YES;
				CLANG_WARN_NON_LITERAL_NULL_CONVERSION = YES;
				CLANG_WARN_OBJC_IMPLICIT_RETAIN_SELF = YES;
				CLANG_WARN_OBJC_LITERAL_CONVERSION = YES;
				CLANG_WARN_OBJC_ROOT_CLASS = YES_ERROR;
				CLANG_WARN_RANGE_LOOP_ANALYSIS = YES;
				CLANG_WARN_STRICT_PROTOTYPES = YES;
				CLANG_WARN_SUSPICIOUS_MOVE = YES;
				CLANG_WARN_UNGUARDED_AVAILABILITY = YES_AGGRESSIVE;
				CLANG_WARN_UNREACHABLE_CODE = YES;
				CLANG_WARN__DUPLICATE_METHOD_MATCH = YES;
				COPY_PHASE_STRIP = NO;
				CURRENT_PROJECT_VERSION = 1;
				DEBUG_INFORMATION_FORMAT = dwarf;
				ENABLE_STRICT_OBJC_MSGSEND = YES;
				ENABLE_TESTABILITY = YES;
				GCC_C_LANGUAGE_STANDARD = gnu11;
				GCC_DYNAMIC_NO_PIC = NO;
				GCC_NO_COMMON_BLOCKS = YES;
				GCC_OPTIMIZATION_LEVEL = 0;
				GCC_PREPROCESSOR_DEFINITIONS = (
					"DEBUG=1",
					"$(inherited)",
				);
				GCC_WARN_64_TO_32_BIT_CONVERSION = YES;
				GCC_WARN_ABOUT_RETURN_TYPE = YES_ERROR;
				GCC_WARN_UNDECLARED_SELECTOR = YES;
				GCC_WARN_UNINITIALIZED_AUTOS = YES_AGGRESSIVE;
				GCC_WARN_UNUSED_FUNCTION = YES;
				GCC_WARN_UNUSED_VARIABLE = YES;
				IPHONEOS_DEPLOYMENT_TARGET = 13.2;
				MTL_ENABLE_DEBUG_INFO = INCLUDE_SOURCE;
				MTL_FAST_MATH = YES;
				ONLY_ACTIVE_ARCH = YES;
				SDKROOT = iphoneos;
				SWIFT_ACTIVE_COMPILATION_CONDITIONS = DEBUG;
				SWIFT_OPTIMIZATION_LEVEL = "-Onone";
				VERSIONING_SYSTEM = "apple-generic";
				VERSION_INFO_PREFIX = "";
			};
			name = Debug;
		};
		C745FB0124221D4F009F6405 /* Release */ = {
			isa = XCBuildConfiguration;
			buildSettings = {
				ALWAYS_SEARCH_USER_PATHS = NO;
				CLANG_ANALYZER_NONNULL = YES;
				CLANG_ANALYZER_NUMBER_OBJECT_CONVERSION = YES_AGGRESSIVE;
				CLANG_CXX_LANGUAGE_STANDARD = "gnu++14";
				CLANG_CXX_LIBRARY = "libc++";
				CLANG_ENABLE_MODULES = YES;
				CLANG_ENABLE_OBJC_ARC = YES;
				CLANG_ENABLE_OBJC_WEAK = YES;
				CLANG_WARN_BLOCK_CAPTURE_AUTORELEASING = YES;
				CLANG_WARN_BOOL_CONVERSION = YES;
				CLANG_WARN_COMMA = YES;
				CLANG_WARN_CONSTANT_CONVERSION = YES;
				CLANG_WARN_DEPRECATED_OBJC_IMPLEMENTATIONS = YES;
				CLANG_WARN_DIRECT_OBJC_ISA_USAGE = YES_ERROR;
				CLANG_WARN_DOCUMENTATION_COMMENTS = YES;
				CLANG_WARN_EMPTY_BODY = YES;
				CLANG_WARN_ENUM_CONVERSION = YES;
				CLANG_WARN_INFINITE_RECURSION = YES;
				CLANG_WARN_INT_CONVERSION = YES;
				CLANG_WARN_NON_LITERAL_NULL_CONVERSION = YES;
				CLANG_WARN_OBJC_IMPLICIT_RETAIN_SELF = YES;
				CLANG_WARN_OBJC_LITERAL_CONVERSION = YES;
				CLANG_WARN_OBJC_ROOT_CLASS = YES_ERROR;
				CLANG_WARN_RANGE_LOOP_ANALYSIS = YES;
				CLANG_WARN_STRICT_PROTOTYPES = YES;
				CLANG_WARN_SUSPICIOUS_MOVE = YES;
				CLANG_WARN_UNGUARDED_AVAILABILITY = YES_AGGRESSIVE;
				CLANG_WARN_UNREACHABLE_CODE = YES;
				CLANG_WARN__DUPLICATE_METHOD_MATCH = YES;
				COPY_PHASE_STRIP = NO;
				CURRENT_PROJECT_VERSION = 1;
				DEBUG_INFORMATION_FORMAT = "dwarf-with-dsym";
				ENABLE_NS_ASSERTIONS = NO;
				ENABLE_STRICT_OBJC_MSGSEND = YES;
				GCC_C_LANGUAGE_STANDARD = gnu11;
				GCC_NO_COMMON_BLOCKS = YES;
				GCC_WARN_64_TO_32_BIT_CONVERSION = YES;
				GCC_WARN_ABOUT_RETURN_TYPE = YES_ERROR;
				GCC_WARN_UNDECLARED_SELECTOR = YES;
				GCC_WARN_UNINITIALIZED_AUTOS = YES_AGGRESSIVE;
				GCC_WARN_UNUSED_FUNCTION = YES;
				GCC_WARN_UNUSED_VARIABLE = YES;
				IPHONEOS_DEPLOYMENT_TARGET = 13.2;
				MTL_ENABLE_DEBUG_INFO = NO;
				MTL_FAST_MATH = YES;
				SDKROOT = iphoneos;
				SWIFT_COMPILATION_MODE = wholemodule;
				SWIFT_OPTIMIZATION_LEVEL = "-O";
				VALIDATE_PRODUCT = YES;
				VERSIONING_SYSTEM = "apple-generic";
				VERSION_INFO_PREFIX = "";
			};
			name = Release;
		};
		C745FB0324221D4F009F6405 /* Debug */ = {
			isa = XCBuildConfiguration;
			buildSettings = {
				CODE_SIGN_STYLE = Automatic;
				DEFINES_MODULE = YES;
				DYLIB_COMPATIBILITY_VERSION = 1;
				DYLIB_CURRENT_VERSION = 1;
				DYLIB_INSTALL_NAME_BASE = "@rpath";
				INFOPLIST_FILE = matrix/Info.plist;
				INSTALL_PATH = "$(LOCAL_LIBRARY_DIR)/Frameworks";
				IPHONEOS_DEPLOYMENT_TARGET = 10.0;
				LD_RUNPATH_SEARCH_PATHS = (
					"$(inherited)",
					"@executable_path/Frameworks",
					"@loader_path/Frameworks",
				);
				MARKETING_VERSION = 0.1.0;
				PRODUCT_BUNDLE_IDENTIFIER = com.psyukalov.matrix;
				PRODUCT_NAME = "$(TARGET_NAME:c99extidentifier)";
				SKIP_INSTALL = YES;
				SUPPORTS_MACCATALYST = NO;
				SWIFT_VERSION = 5.0;
				TARGETED_DEVICE_FAMILY = "1,2";
			};
			name = Debug;
		};
		C745FB0424221D4F009F6405 /* Release */ = {
			isa = XCBuildConfiguration;
			buildSettings = {
				CODE_SIGN_STYLE = Automatic;
				DEFINES_MODULE = YES;
				DYLIB_COMPATIBILITY_VERSION = 1;
				DYLIB_CURRENT_VERSION = 1;
				DYLIB_INSTALL_NAME_BASE = "@rpath";
				INFOPLIST_FILE = matrix/Info.plist;
				INSTALL_PATH = "$(LOCAL_LIBRARY_DIR)/Frameworks";
				IPHONEOS_DEPLOYMENT_TARGET = 10.0;
				LD_RUNPATH_SEARCH_PATHS = (
					"$(inherited)",
					"@executable_path/Frameworks",
					"@loader_path/Frameworks",
				);
				MARKETING_VERSION = 0.1.0;
				PRODUCT_BUNDLE_IDENTIFIER = com.psyukalov.matrix;
				PRODUCT_NAME = "$(TARGET_NAME:c99extidentifier)";
				SKIP_INSTALL = YES;
				SUPPORTS_MACCATALYST = NO;
				SWIFT_VERSION = 5.0;
				TARGETED_DEVICE_FAMILY = "1,2";
			};
			name = Release;
		};
		C7DF0FF924224921006EF23E /* Debug */ = {
			isa = XCBuildConfiguration;
			buildSettings = {
				ASSETCATALOG_COMPILER_APPICON_NAME = AppIcon;
				CODE_SIGN_STYLE = Automatic;
				DEVELOPMENT_TEAM = D87UM3J8DC;
				INFOPLIST_FILE = test/Info.plist;
				IPHONEOS_DEPLOYMENT_TARGET = 10.0;
				LD_RUNPATH_SEARCH_PATHS = (
					"$(inherited)",
					"@executable_path/Frameworks",
				);
				PRODUCT_BUNDLE_IDENTIFIER = com.psyukalov.test;
				PRODUCT_NAME = "$(TARGET_NAME)";
				SWIFT_VERSION = 5.0;
				TARGETED_DEVICE_FAMILY = "1,2";
			};
			name = Debug;
		};
		C7DF0FFA24224921006EF23E /* Release */ = {
			isa = XCBuildConfiguration;
			buildSettings = {
				ASSETCATALOG_COMPILER_APPICON_NAME = AppIcon;
				CODE_SIGN_STYLE = Automatic;
				DEVELOPMENT_TEAM = D87UM3J8DC;
				INFOPLIST_FILE = test/Info.plist;
				IPHONEOS_DEPLOYMENT_TARGET = 10.0;
				LD_RUNPATH_SEARCH_PATHS = (
					"$(inherited)",
					"@executable_path/Frameworks",
				);
				PRODUCT_BUNDLE_IDENTIFIER = com.psyukalov.test;
				PRODUCT_NAME = "$(TARGET_NAME)";
				SWIFT_VERSION = 5.0;
				TARGETED_DEVICE_FAMILY = "1,2";
			};
			name = Release;
		};
/* End XCBuildConfiguration section */

/* Begin XCConfigurationList section */
		C745FAF424221D4F009F6405 /* Build configuration list for PBXProject "matrix" */ = {
			isa = XCConfigurationList;
			buildConfigurations = (
				C745FB0024221D4F009F6405 /* Debug */,
				C745FB0124221D4F009F6405 /* Release */,
			);
			defaultConfigurationIsVisible = 0;
			defaultConfigurationName = Release;
		};
		C745FB0224221D4F009F6405 /* Build configuration list for PBXNativeTarget "matrix" */ = {
			isa = XCConfigurationList;
			buildConfigurations = (
				C745FB0324221D4F009F6405 /* Debug */,
				C745FB0424221D4F009F6405 /* Release */,
			);
			defaultConfigurationIsVisible = 0;
			defaultConfigurationName = Release;
		};
		C7DF0FF824224921006EF23E /* Build configuration list for PBXNativeTarget "test" */ = {
			isa = XCConfigurationList;
			buildConfigurations = (
				C7DF0FF924224921006EF23E /* Debug */,
				C7DF0FFA24224921006EF23E /* Release */,
			);
			defaultConfigurationIsVisible = 0;
			defaultConfigurationName = Release;
		};
/* End XCConfigurationList section */
	};
	rootObject = C745FAF124221D4F009F6405 /* Project object */;
}
